
Microsoft Visual Studio Solution File, Format Version 12.00
# Visual Studio Version 16
VisualStudioVersion = 16.0.30413.136
MinimumVisualStudioVersion = 10.0.40219.1
Project("{FAE04EC0-301F-11D3-BF4B-00C04F79EFBC}") = "1001_csgyak", "1001_csgyak\1001_csgyak.csproj", "{389F5AC0-2B78-46D8-B054-6E110C107B0D}"
EndProject
Global
	GlobalSection(SolutionConfigurationPlatforms) = preSolution
		Debug|Any CPU = Debug|Any CPU
		Release|Any CPU = Release|Any CPU
	EndGlobalSection
	GlobalSection(ProjectConfigurationPlatforms) = postSolution
		{389F5AC0-2B78-46D8-B054-6E110C107B0D}.Debug|Any CPU.ActiveCfg = Debug|Any CPU
		{389F5AC0-2B78-46D8-B054-6E110C107B0D}.Debug|Any CPU.Build.0 = Debug|Any CPU
		{389F5AC0-2B78-46D8-B054-6E110C107B0D}.Release|Any CPU.ActiveCfg = Release|Any CPU
		{389F5AC0-2B78-46D8-B054-6E110C107B0D}.Release|Any CPU.Build.0 = Release|Any CPU
	EndGlobalSection
	GlobalSection(SolutionProperties) = preSolution
		HideSolutionNode = FALSE
	EndGlobalSection
	GlobalSection(ExtensibilityGlobals) = postSolution
		SolutionGuid = {38D43437-CB5D-4D57-A377-F9923EE476EF}
	EndGlobalSection
EndGlobal
